PODS:
  - AFNetworking (2.5.4):
    - AFNetworking/NSURLConnection (= 2.5.4)
    - AFNetworking/NSURLSession (= 2.5.4)
    - AFNetworking/Reachability (= 2.5.4)
    - AFNetworking/Security (= 2.5.4)
    - AFNetworking/Serialization (= 2.5.4)
    - AFNetworking/UIKit (= 2.5.4)
  - AFNetworking/NSURLConnection (2.5.4):
    - AFNetworking/Reachability
    - AFNetworking/Security
    - AFNetworking/Serialization
  - AFNetworking/NSURLSession (2.5.4):
    - AFNetworking/Reachability
    - AFNetworking/Security
    - AFNetworking/Serialization
  - AFNetworking/Reachability (2.5.4)
  - AFNetworking/Security (2.5.4)
  - AFNetworking/Serialization (2.5.4)
  - AFNetworking/UIKit (2.5.4):
    - AFNetworking/NSURLConnection
    - AFNetworking/NSURLSession
  - MJExtension (3.0.10)
  - MJRefresh (3.1.0)
  - pop (1.0.9)
  - SDWebImage (3.7.5):
    - SDWebImage/Core (= 3.7.5)
  - SDWebImage/Core (3.7.5)
  - UMengAnalytics (3.6.6)

DEPENDENCIES:
  - AFNetworking
  - MJExtension
  - MJRefresh
  - pop
  - SDWebImage
  - UMengAnalytics

SPEC CHECKSUMS:
  AFNetworking: 05edc0ac4c4c8cf57bcf4b84be5b0744b6d8e71e
  MJExtension: d86aacb740c87519d20e3cca55b6fa4be6cc7548
  MJRefresh: 743e6404967d1c2c688472ea3ecfde247d872db4
  pop: f667631a5108a2e60d9e8797c9b32ddaf2080bce
  SDWebImage: 69c6303e3348fba97e03f65d65d4fbc26740f461
  UMengAnalytics: 4bf831415146b9c57cb10be65fbd43462ef8cf65

PODFILE CHECKSUM: 9c0d2d1b58d49d9b53071a7dfd83dd54f084816d

COCOAPODS: 1.0.0.beta.2
